
Microsoft Visual Studio Solution File, Format Version 12.00
# Visual Studio Version 17
VisualStudioVersion = 17.6.33829.357
MinimumVisualStudioVersion = 10.0.40219.1
Project("{FAE04EC0-301F-11D3-BF4B-00C04F79EFBC}") = "Adventure", "Adventure\Adventure.csproj", "{F9369EA4-2FB3-474D-97A5-B1534F2239D4}"
EndProject
Global
	GlobalSection(SolutionConfigurationPlatforms) = preSolution
		Debug|Any CPU = Debug|Any CPU
		Release|Any CPU = Release|Any CPU
	EndGlobalSection
	GlobalSection(ProjectConfigurationPlatforms) = postSolution
		{F9369EA4-2FB3-474D-97A5-B1534F2239D4}.Debug|Any CPU.ActiveCfg = Debug|Any CPU
		{F9369EA4-2FB3-474D-97A5-B1534F2239D4}.Debug|Any CPU.Build.0 = Debug|Any CPU
		{F9369EA4-2FB3-474D-97A5-B1534F2239D4}.Release|Any CPU.ActiveCfg = Release|Any CPU
		{F9369EA4-2FB3-474D-97A5-B1534F2239D4}.Release|Any CPU.Build.0 = Release|Any CPU
	EndGlobalSection
	GlobalSection(SolutionProperties) = preSolution
		HideSolutionNode = FALSE
	EndGlobalSection
	GlobalSection(ExtensibilityGlobals) = postSolution
		SolutionGuid = {53EB678E-071E-40AF-8801-2E6838A59805}
	EndGlobalSection
EndGlobal
